
Microsoft Visual Studio Solution File, Format Version 12.00
# Visual Studio 15
VisualStudioVersion = 15.0.27004.2005
MinimumVisualStudioVersion = 10.0.40219.1
Project("{FAE04EC0-301F-11D3-BF4B-00C04F79EFBC}") = "AdventOfCode2017", "AdventOfCode2017\AdventOfCode2017.csproj", "{025C25C8-0704-4C62-AD5A-96A514C7A05B}"
EndProject
Global
	GlobalSection(SolutionConfigurationPlatforms) = preSolution
		Debug|Any CPU = Debug|Any CPU
		Release|Any CPU = Release|Any CPU
	EndGlobalSection
	GlobalSection(ProjectConfigurationPlatforms) = postSolution
		{025C25C8-0704-4C62-AD5A-96A514C7A05B}.Debug|Any CPU.ActiveCfg = Debug|Any CPU
		{025C25C8-0704-4C62-AD5A-96A514C7A05B}.Debug|Any CPU.Build.0 = Debug|Any CPU
		{025C25C8-0704-4C62-AD5A-96A514C7A05B}.Release|Any CPU.ActiveCfg = Release|Any CPU
		{025C25C8-0704-4C62-AD5A-96A514C7A05B}.Release|Any CPU.Build.0 = Release|Any CPU
	EndGlobalSection
	GlobalSection(SolutionProperties) = preSolution
		HideSolutionNode = FALSE
	EndGlobalSection
	GlobalSection(ExtensibilityGlobals) = postSolution
		SolutionGuid = {D724D494-6672-45E2-A09A-FDE9A84EC86C}
	EndGlobalSection
EndGlobal
